// !$*UTF8*$!
{
	archiveVersion = 1;
	classes = {
	};
	objectVersion = 56;
	objects = {

/* Begin PBXBuildFile section */
		6540269528E6BCE800E469E3 /* AppDelegate.swift in Sources */ = {isa = PBXBuildFile; fileRef = 6540269428E6BCE800E469E3 /* AppDelegate.swift */; };
		6540269728E6BCE800E469E3 /* SceneDelegate.swift in Sources */ = {isa = PBXBuildFile; fileRef = 6540269628E6BCE800E469E3 /* SceneDelegate.swift */; };
		6540269928E6BCE800E469E3 /* ViewController.swift in Sources */ = {isa = PBXBuildFile; fileRef = 6540269828E6BCE800E469E3 /* ViewController.swift */; };
		6540269C28E6BCE800E469E3 /* Main.storyboard in Resources */ = {isa = PBXBuildFile; fileRef = 6540269A28E6BCE800E469E3 /* Main.storyboard */; };
		6540269E28E6BCE900E469E3 /* Assets.xcassets in Resources */ = {isa = PBXBuildFile; fileRef = 6540269D28E6BCE900E469E3 /* Assets.xcassets */; };
		654026A128E6BCE900E469E3 /* LaunchScreen.storyboard in Resources */ = {isa = PBXBuildFile; fileRef = 6540269F28E6BCE900E469E3 /* LaunchScreen.storyboard */; };
		654026AC28E6BCE900E469E3 /* sdfdTests.swift in Sources */ = {isa = PBXBuildFile; fileRef = 654026AB28E6BCE900E469E3 /* sdfdTests.swift */; };
		654026B628E6BCE900E469E3 /* sdfdUITests.swift in Sources */ = {isa = PBXBuildFile; fileRef = 654026B528E6BCE900E469E3 /* sdfdUITests.swift */; };
		654026B828E6BCE900E469E3 /* sdfdUITestsLaunchTests.swift in Sources */ = {isa = PBXBuildFile; fileRef = 654026B728E6BCE900E469E3 /* sdfdUITestsLaunchTests.swift */; };
/* End PBXBuildFile section */

/* Begin PBXContainerItemProxy section */
		654026A828E6BCE900E469E3 /* PBXContainerItemProxy */ = {
			isa = PBXContainerItemProxy;
			containerPortal = 6540268928E6BCE800E469E3 /* Project object */;
			proxyType = 1;
			remoteGlobalIDString = 6540269028E6BCE800E469E3;
			remoteInfo = sdfd;
		};
		654026B228E6BCE900E469E3 /* PBXContainerItemProxy */ = {
			isa = PBXContainerItemProxy;
			containerPortal = 6540268928E6BCE800E469E3 /* Project object */;
			proxyType = 1;
			remoteGlobalIDString = 6540269028E6BCE800E469E3;
			remoteInfo = sdfd;
		};
/* End PBXContainerItemProxy section */

/* Begin PBXFileReference section */
		6540269128E6BCE800E469E3 /* sdfd.app */ = {isa = PBXFileReference; explicitFileType = wrapper.application; includeInIndex = 0; path = sdfd.app; sourceTree = BUILT_PRODUCTS_DIR; };
		6540269428E6BCE800E469E3 /* AppDelegate.swift */ = {isa = PBXFileReference; lastKnownFileType = sourcecode.swift; path = AppDelegate.swift; sourceTree = "<group>"; };
		6540269628E6BCE800E469E3 /* SceneDelegate.swift */ = {isa = PBXFileReference; lastKnownFileType = sourcecode.swift; path = SceneDelegate.swift; sourceTree = "<group>"; };
		6540269828E6BCE800E469E3 /* ViewController.swift */ = {isa = PBXFileReference; lastKnownFileType = sourcecode.swift; path = ViewController.swift; sourceTree = "<group>"; };
		6540269B28E6BCE800E469E3 /* Base */ = {isa = PBXFileReference; lastKnownFileType = file.storyboard; name = Base; path = Base.lproj/Main.storyboard; sourceTree = "<group>"; };
		6540269D28E6BCE900E469E3 /* Assets.xcassets */ = {isa = PBXFileReference; lastKnownFileType = folder.assetcatalog; path = Assets.xcassets; sourceTree = "<group>"; };
		654026A028E6BCE900E469E3 /* Base */ = {isa = PBXFileReference; lastKnownFileType = file.storyboard; name = Base; path = Base.lproj/LaunchScreen.storyboard; sourceTree = "<group>"; };
		654026A228E6BCE900E469E3 /* Info.plist */ = {isa = PBXFileReference; lastKnownFileType = text.plist.xml; path = Info.plist; sourceTree = "<group>"; };
		654026A728E6BCE900E469E3 /* sdfdTests.xctest */ = {isa = PBXFileReference; explicitFileType = wrapper.cfbundle; includeInIndex = 0; path = sdfdTests.xctest; sourceTree = BUILT_PRODUCTS_DIR; };
		654026AB28E6BCE900E469E3 /* sdfdTests.swift */ = {isa = PBXFileReference; lastKnownFileType = sourcecode.swift; path = sdfdTests.swift; sourceTree = "<group>"; };
		654026B128E6BCE900E469E3 /* sdfdUITests.xctest */ = {isa = PBXFileReference; explicitFileType = wrapper.cfbundle; includeInIndex = 0; path = sdfdUITests.xctest; sourceTree = BUILT_PRODUCTS_DIR; };
		654026B528E6BCE900E469E3 /* sdfdUITests.swift */ = {isa = PBXFileReference; lastKnownFileType = sourcecode.swift; path = sdfdUITests.swift; sourceTree = "<group>"; };
		654026B728E6BCE900E469E3 /* sdfdUITestsLaunchTests.swift */ = {isa = PBXFileReference; lastKnownFileType = sourcecode.swift; path = sdfdUITestsLaunchTests.swift; sourceTree = "<group>"; };
/* End PBXFileReference section */

/* Begin PBXFrameworksBuildPhase section */
		6540268E28E6BCE800E469E3 /* Frameworks */ = {
			isa = PBXFrameworksBuildPhase;
			buildActionMask = 2147483647;
			files = (
			);
			runOnlyForDeploymentPostprocessing = 0;
		};
		654026A428E6BCE900E469E3 /* Frameworks */ = {
			isa = PBXFrameworksBuildPhase;
			buildActionMask = 2147483647;
			files = (
			);
			runOnlyForDeploymentPostprocessing = 0;
		};
		654026AE28E6BCE900E469E3 /* Frameworks */ = {
			isa = PBXFrameworksBuildPhase;
			buildActionMask = 2147483647;
			files = (
			);
			runOnlyForDeploymentPostprocessing = 0;
		};
/* End PBXFrameworksBuildPhase section */

/* Begin PBXGroup section */
		6540268828E6BCE800E469E3 = {
			isa = PBXGroup;
			children = (
				6540269328E6BCE800E469E3 /* sdfd */,
				654026AA28E6BCE900E469E3 /* sdfdTests */,
				654026B428E6BCE900E469E3 /* sdfdUITests */,
				6540269228E6BCE800E469E3 /* Products */,
			);
			sourceTree = "<group>";
		};
		6540269228E6BCE800E469E3 /* Products */ = {
			isa = PBXGroup;
			children = (
				6540269128E6BCE800E469E3 /* sdfd.app */,
				654026A728E6BCE900E469E3 /* sdfdTests.xctest */,
				654026B128E6BCE900E469E3 /* sdfdUITests.xctest */,
			);
			name = Products;
			sourceTree = "<group>";
		};
		6540269328E6BCE800E469E3 /* sdfd */ = {
			isa = PBXGroup;
			children = (
				6540269428E6BCE800E469E3 /* AppDelegate.swift */,
				6540269628E6BCE800E469E3 /* SceneDelegate.swift */,
				6540269828E6BCE800E469E3 /* ViewController.swift */,
				6540269A28E6BCE800E469E3 /* Main.storyboard */,
				6540269D28E6BCE900E469E3 /* Assets.xcassets */,
				6540269F28E6BCE900E469E3 /* LaunchScreen.storyboard */,
				654026A228E6BCE900E469E3 /* Info.plist */,
			);
			path = sdfd;
			sourceTree = "<group>";
		};
		654026AA28E6BCE900E469E3 /* sdfdTests */ = {
			isa = PBXGroup;
			children = (
				654026AB28E6BCE900E469E3 /* sdfdTests.swift */,
			);
			path = sdfdTests;
			sourceTree = "<group>";
		};
		654026B428E6BCE900E469E3 /* sdfdUITests */ = {
			isa = PBXGroup;
			children = (
				654026B528E6BCE900E469E3 /* sdfdUITests.swift */,
				654026B728E6BCE900E469E3 /* sdfdUITestsLaunchTests.swift */,
			);
			path = sdfdUITests;
			sourceTree = "<group>";
		};
/* End PBXGroup section */

/* Begin PBXNativeTarget section */
		6540269028E6BCE800E469E3 /* sdfd */ = {
			isa = PBXNativeTarget;
			buildConfigurationList = 654026BB28E6BCE900E469E3 /* Build configuration list for PBXNativeTarget "sdfd" */;
			buildPhases = (
				6540268D28E6BCE800E469E3 /* Sources */,
				6540268E28E6BCE800E469E3 /* Frameworks */,
				6540268F28E6BCE800E469E3 /* Resources */,
			);
			buildRules = (
			);
			dependencies = (
			);
			name = sdfd;
			productName = sdfd;
			productReference = 6540269128E6BCE800E469E3 /* sdfd.app */;
			productType = "com.apple.product-type.application";
		};
		654026A628E6BCE900E469E3 /* sdfdTests */ = {
			isa = PBXNativeTarget;
			buildConfigurationList = 654026BE28E6BCE900E469E3 /* Build configuration list for PBXNativeTarget "sdfdTests" */;
			buildPhases = (
				654026A328E6BCE900E469E3 /* Sources */,
				654026A428E6BCE900E469E3 /* Frameworks */,
				654026A528E6BCE900E469E3 /* Resources */,
			);
			buildRules = (
			);
			dependencies = (
				654026A928E6BCE900E469E3 /* PBXTargetDependency */,
			);
			name = sdfdTests;
			productName = sdfdTests;
			productReference = 654026A728E6BCE900E469E3 /* sdfdTests.xctest */;
			productType = "com.apple.product-type.bundle.unit-test";
		};
		654026B028E6BCE900E469E3 /* sdfdUITests */ = {
			isa = PBXNativeTarget;
			buildConfigurationList = 654026C128E6BCE900E469E3 /* Build configuration list for PBXNativeTarget "sdfdUITests" */;
			buildPhases = (
				654026AD28E6BCE900E469E3 /* Sources */,
				654026AE28E6BCE900E469E3 /* Frameworks */,
				654026AF28E6BCE900E469E3 /* Resources */,
			);
			buildRules = (
			);
			dependencies = (
				654026B328E6BCE900E469E3 /* PBXTargetDependency */,
			);
			name = sdfdUITests;
			productName = sdfdUITests;
			productReference = 654026B128E6BCE900E469E3 /* sdfdUITests.xctest */;
			productType = "com.apple.product-type.bundle.ui-testing";
		};
/* End PBXNativeTarget section */

/* Begin PBXProject section */
		6540268928E6BCE800E469E3 /* Project object */ = {
			isa = PBXProject;
			attributes = {
				BuildIndependentTargetsInParallel = 1;
				LastSwiftUpdateCheck = 1400;
				LastUpgradeCheck = 1400;
				TargetAttributes = {
					6540269028E6BCE800E469E3 = {
						CreatedOnToolsVersion = 14.0;
					};
					654026A628E6BCE900E469E3 = {
						CreatedOnToolsVersion = 14.0;
						TestTargetID = 6540269028E6BCE800E469E3;
					};
					654026B028E6BCE900E469E3 = {
						CreatedOnToolsVersion = 14.0;
						TestTargetID = 6540269028E6BCE800E469E3;
					};
				};
			};
			buildConfigurationList = 6540268C28E6BCE800E469E3 /* Build configuration list for PBXProject "sdfd" */;
			compatibilityVersion = "Xcode 14.0";
			developmentRegion = en;
			hasScannedForEncodings = 0;
			knownRegions = (
				en,
				Base,
			);
			mainGroup = 6540268828E6BCE800E469E3;
			productRefGroup = 6540269228E6BCE800E469E3 /* Products */;
			projectDirPath = "";
			projectRoot = "";
			targets = (
				6540269028E6BCE800E469E3 /* sdfd */,
				654026A628E6BCE900E469E3 /* sdfdTests */,
				654026B028E6BCE900E469E3 /* sdfdUITests */,
			);
		};
/* End PBXProject section */

/* Begin PBXResourcesBuildPhase section */
		6540268F28E6BCE800E469E3 /* Resources */ = {
			isa = PBXResourcesBuildPhase;
			buildActionMask = 2147483647;
			files = (
				654026A128E6BCE900E469E3 /* LaunchScreen.storyboard in Resources */,
				6540269E28E6BCE900E469E3 /* Assets.xcassets in Resources */,
				6540269C28E6BCE800E469E3 /* Main.storyboard in Resources */,
			);
			runOnlyForDeploymentPostprocessing = 0;
		};
		654026A528E6BCE900E469E3 /* Resources */ = {
			isa = PBXResourcesBuildPhase;
			buildActionMask = 2147483647;
			files = (
			);
			runOnlyForDeploymentPostprocessing = 0;
		};
		654026AF28E6BCE900E469E3 /* Resources */ = {
			isa = PBXResourcesBuildPhase;
			buildActionMask = 2147483647;
			files = (
			);
			runOnlyForDeploymentPostprocessing = 0;
		};
/* End PBXResourcesBuildPhase section */

/* Begin PBXSourcesBuildPhase section */
		6540268D28E6BCE800E469E3 /* Sources */ = {
			isa = PBXSourcesBuildPhase;
			buildActionMask = 2147483647;
			files = (
				6540269928E6BCE800E469E3 /* ViewController.swift in Sources */,
				6540269528E6BCE800E469E3 /* AppDelegate.swift in Sources */,
				6540269728E6BCE800E469E3 /* SceneDelegate.swift in Sources */,
			);
			runOnlyForDeploymentPostprocessing = 0;
		};
		654026A328E6BCE900E469E3 /* Sources */ = {
			isa = PBXSourcesBuildPhase;
			buildActionMask = 2147483647;
			files = (
				654026AC28E6BCE900E469E3 /* sdfdTests.swift in Sources */,
			);
			runOnlyForDeploymentPostprocessing = 0;
		};
		654026AD28E6BCE900E469E3 /* Sources */ = {
			isa = PBXSourcesBuildPhase;
			buildActionMask = 2147483647;
			files = (
				654026B628E6BCE900E469E3 /* sdfdUITests.swift in Sources */,
				654026B828E6BCE900E469E3 /* sdfdUITestsLaunchTests.swift in Sources */,
			);
			runOnlyForDeploymentPostprocessing = 0;
		};
/* End PBXSourcesBuildPhase section */

/* Begin PBXTargetDependency section */
		654026A928E6BCE900E469E3 /* PBXTargetDependency */ = {
			isa = PBXTargetDependency;
			target = 6540269028E6BCE800E469E3 /* sdfd */;
			targetProxy = 654026A828E6BCE900E469E3 /* PBXContainerItemProxy */;
		};
		654026B328E6BCE900E469E3 /* PBXTargetDependency */ = {
			isa = PBXTargetDependency;
			target = 6540269028E6BCE800E469E3 /* sdfd */;
			targetProxy = 654026B228E6BCE900E469E3 /* PBXContainerItemProxy */;
		};
/* End PBXTargetDependency section */

/* Begin PBXVariantGroup section */
		6540269A28E6BCE800E469E3 /* Main.storyboard */ = {
			isa = PBXVariantGroup;
			children = (
				6540269B28E6BCE800E469E3 /* Base */,
			);
			name = Main.storyboard;
			sourceTree = "<group>";
		};
		6540269F28E6BCE900E469E3 /* LaunchScreen.storyboard */ = {
			isa = PBXVariantGroup;
			children = (
				654026A028E6BCE900E469E3 /* Base */,
			);
			name = LaunchScreen.storyboard;
			sourceTree = "<group>";
		};
/* End PBXVariantGroup section */

/* Begin XCBuildConfiguration section */
		654026B928E6BCE900E469E3 /* Debug */ = {
			isa = XCBuildConfiguration;
			buildSettings = {
				ALWAYS_SEARCH_USER_PATHS = NO;
				CLANG_ANALYZER_NONNULL = YES;
				CLANG_ANALYZER_NUMBER_OBJECT_CONVERSION = YES_AGGRESSIVE;
				CLANG_CXX_LANGUAGE_STANDARD = "gnu++20";
				CLANG_ENABLE_MODULES = YES;
				CLANG_ENABLE_OBJC_ARC = YES;
				CLANG_ENABLE_OBJC_WEAK = YES;
				CLANG_WARN_BLOCK_CAPTURE_AUTORELEASING = YES;
				CLANG_WARN_BOOL_CONVERSION = YES;
				CLANG_WARN_COMMA = YES;
				CLANG_WARN_CONSTANT_CONVERSION = YES;
				CLANG_WARN_DEPRECATED_OBJC_IMPLEMENTATIONS = YES;
				CLANG_WARN_DIRECT_OBJC_ISA_USAGE = YES_ERROR;
				CLANG_WARN_DOCUMENTATION_COMMENTS = YES;
				CLANG_WARN_EMPTY_BODY = YES;
				CLANG_WARN_ENUM_CONVERSION = YES;
				CLANG_WARN_INFINITE_RECURSION = YES;
				CLANG_WARN_INT_CONVERSION = YES;
				CLANG_WARN_NON_LITERAL_NULL_CONVERSION = YES;
				CLANG_WARN_OBJC_IMPLICIT_RETAIN_SELF = YES;
				CLANG_WARN_OBJC_LITERAL_CONVERSION = YES;
				CLANG_WARN_OBJC_ROOT_CLASS = YES_ERROR;
				CLANG_WARN_QUOTED_INCLUDE_IN_FRAMEWORK_HEADER = YES;
				CLANG_WARN_RANGE_LOOP_ANALYSIS = YES;
				CLANG_WARN_STRICT_PROTOTYPES = YES;
				CLANG_WARN_SUSPICIOUS_MOVE = YES;
				CLANG_WARN_UNGUARDED_AVAILABILITY = YES_AGGRESSIVE;
				CLANG_WARN_UNREACHABLE_CODE = YES;
				CLANG_WARN__DUPLICATE_METHOD_MATCH = YES;
				COPY_PHASE_STRIP = NO;
				DEBUG_INFORMATION_FORMAT = dwarf;
				ENABLE_STRICT_OBJC_MSGSEND = YES;
				ENABLE_TESTABILITY = YES;
				GCC_C_LANGUAGE_STANDARD = gnu11;
				GCC_DYNAMIC_NO_PIC = NO;
				GCC_NO_COMMON_BLOCKS = YES;
				GCC_OPTIMIZATION_LEVEL = 0;
				GCC_PREPROCESSOR_DEFINITIONS = (
					"DEBUG=1",
					"$(inherited)",
				);
				GCC_WARN_64_TO_32_BIT_CONVERSION = YES;
				GCC_WARN_ABOUT_RETURN_TYPE = YES_ERROR;
				GCC_WARN_UNDECLARED_SELECTOR = YES;
				GCC_WARN_UNINITIALIZED_AUTOS = YES_AGGRESSIVE;
				GCC_WARN_UNUSED_FUNCTION = YES;
				GCC_WARN_UNUSED_VARIABLE = YES;
				IPHONEOS_DEPLOYMENT_TARGET = 16.0;
				MTL_ENABLE_DEBUG_INFO = INCLUDE_SOURCE;
				MTL_FAST_MATH = YES;
				ONLY_ACTIVE_ARCH = YES;
				SDKROOT = iphoneos;
				SWIFT_ACTIVE_COMPILATION_CONDITIONS = DEBUG;
				SWIFT_OPTIMIZATION_LEVEL = "-Onone";
			};
			name = Debug;
		};
		654026BA28E6BCE900E469E3 /* Release */ = {
			isa = XCBuildConfiguration;
			buildSettings = {
				ALWAYS_SEARCH_USER_PATHS = NO;
				CLANG_ANALYZER_NONNULL = YES;
				CLANG_ANALYZER_NUMBER_OBJECT_CONVERSION = YES_AGGRESSIVE;
				CLANG_CXX_LANGUAGE_STANDARD = "gnu++20";
				CLANG_ENABLE_MODULES = YES;
				CLANG_ENABLE_OBJC_ARC = YES;
				CLANG_ENABLE_OBJC_WEAK = YES;
				CLANG_WARN_BLOCK_CAPTURE_AUTORELEASING = YES;
				CLANG_WARN_BOOL_CONVERSION = YES;
				CLANG_WARN_COMMA = YES;
				CLANG_WARN_CONSTANT_CONVERSION = YES;
				CLANG_WARN_DEPRECATED_OBJC_IMPLEMENTATIONS = YES;
				CLANG_WARN_DIRECT_OBJC_ISA_USAGE = YES_ERROR;
				CLANG_WARN_DOCUMENTATION_COMMENTS = YES;
				CLANG_WARN_EMPTY_BODY = YES;
				CLANG_WARN_ENUM_CONVERSION = YES;
				CLANG_WARN_INFINITE_RECURSION = YES;
				CLANG_WARN_INT_CONVERSION = YES;
				CLANG_WARN_NON_LITERAL_NULL_CONVERSION = YES;
				CLANG_WARN_OBJC_IMPLICIT_RETAIN_SELF = YES;
				CLANG_WARN_OBJC_LITERAL_CONVERSION = YES;
				CLANG_WARN_OBJC_ROOT_CLASS = YES_ERROR;
				CLANG_WARN_QUOTED_INCLUDE_IN_FRAMEWORK_HEADER = YES;
				CLANG_WARN_RANGE_LOOP_ANALYSIS = YES;
				CLANG_WARN_STRICT_PROTOTYPES = YES;
				CLANG_WARN_SUSPICIOUS_MOVE = YES;
				CLANG_WARN_UNGUARDED_AVAILABILITY = YES_AGGRESSIVE;
				CLANG_WARN_UNREACHABLE_CODE = YES;
				CLANG_WARN__DUPLICATE_METHOD_MATCH = YES;
				COPY_PHASE_STRIP = NO;
				DEBUG_INFORMATION_FORMAT = "dwarf-with-dsym";
				ENABLE_NS_ASSERTIONS = NO;
				ENABLE_STRICT_OBJC_MSGSEND = YES;
				GCC_C_LANGUAGE_STANDARD = gnu11;
				GCC_NO_COMMON_BLOCKS = YES;
				GCC_WARN_64_TO_32_BIT_CONVERSION = YES;
				GCC_WARN_ABOUT_RETURN_TYPE = YES_ERROR;
				GCC_WARN_UNDECLARED_SELECTOR = YES;
				GCC_WARN_UNINITIALIZED_AUTOS = YES_AGGRESSIVE;
				GCC_WARN_UNUSED_FUNCTION = YES;
				GCC_WARN_UNUSED_VARIABLE = YES;
				IPHONEOS_DEPLOYMENT_TARGET = 16.0;
				MTL_ENABLE_DEBUG_INFO = NO;
				MTL_FAST_MATH = YES;
				SDKROOT = iphoneos;
				SWIFT_COMPILATION_MODE = wholemodule;
				SWIFT_OPTIMIZATION_LEVEL = "-O";
				VALIDATE_PRODUCT = YES;
			};
			name = Release;
		};
		654026BC28E6BCE900E469E3 /* Debug */ = {
			isa = XCBuildConfiguration;
			buildSettings = {
				ASSETCATALOG_COMPILER_APPICON_NAME = AppIcon;
				ASSETCATALOG_COMPILER_GLOBAL_ACCENT_COLOR_NAME = AccentColor;
				CODE_SIGN_STYLE = Automatic;
				CURRENT_PROJECT_VERSION = 1;
				GENERATE_INFOPLIST_FILE = YES;
				INFOPLIST_FILE = sdfd/Info.plist;
				INFOPLIST_KEY_UIApplicationSupportsIndirectInputEvents = YES;
				INFOPLIST_KEY_UILaunchStoryboardName = LaunchScreen;
				INFOPLIST_KEY_UIMainStoryboardFile = Main;
				INFOPLIST_KEY_UISupportedInterfaceOrientations_iPad = "UIInterfaceOrientationPortrait UIInterfaceOrientationPortraitUpsideDown UIInterfaceOrientationLandscapeLeft UIInterfaceOrientationLandscapeRight";
				INFOPLIST_KEY_UISupportedInterfaceOrientations_iPhone = "UIInterfaceOrientationPortrait UIInterfaceOrientationLandscapeLeft UIInterfaceOrientationLandscapeRight";
				LD_RUNPATH_SEARCH_PATHS = (
					"$(inherited)",
					"@executable_path/Frameworks",
				);
				MARKETING_VERSION = 1.0;
				PRODUCT_BUNDLE_IDENTIFIER = Gowtham.sdfd;
				PRODUCT_NAME = "$(TARGET_NAME)";
				SWIFT_EMIT_LOC_STRINGS = YES;
				SWIFT_VERSION = 5.0;
				TARGETED_DEVICE_FAMILY = "1,2";
			};
			name = Debug;
		};
		654026BD28E6BCE900E469E3 /* Release */ = {
			isa = XCBuildConfiguration;
			buildSettings = {
				ASSETCATALOG_COMPILER_APPICON_NAME = AppIcon;
				ASSETCATALOG_COMPILER_GLOBAL_ACCENT_COLOR_NAME = AccentColor;
				CODE_SIGN_STYLE = Automatic;
				CURRENT_PROJECT_VERSION = 1;
				GENERATE_INFOPLIST_FILE = YES;
				INFOPLIST_FILE = sdfd/Info.plist;
				INFOPLIST_KEY_UIApplicationSupportsIndirectInputEvents = YES;
				INFOPLIST_KEY_UILaunchStoryboardName = LaunchScreen;
				INFOPLIST_KEY_UIMainStoryboardFile = Main;
				INFOPLIST_KEY_UISupportedInterfaceOrientations_iPad = "UIInterfaceOrientationPortrait UIInterfaceOrientationPortraitUpsideDown UIInterfaceOrientationLandscapeLeft UIInterfaceOrientationLandscapeRight";
				INFOPLIST_KEY_UISupportedInterfaceOrientations_iPhone = "UIInterfaceOrientationPortrait UIInterfaceOrientationLandscapeLeft UIInterfaceOrientationLandscapeRight";
				LD_RUNPATH_SEARCH_PATHS = (
					"$(inherited)",
					"@executable_path/Frameworks",
				);
				MARKETING_VERSION = 1.0;
				PRODUCT_BUNDLE_IDENTIFIER = Gowtham.sdfd;
				PRODUCT_NAME = "$(TARGET_NAME)";
				SWIFT_EMIT_LOC_STRINGS = YES;
				SWIFT_VERSION = 5.0;
				TARGETED_DEVICE_FAMILY = "1,2";
			};
			name = Release;
		};
		654026BF28E6BCE900E469E3 /* Debug */ = {
			isa = XCBuildConfiguration;
			buildSettings = {
				ALWAYS_EMBED_SWIFT_STANDARD_LIBRARIES = YES;
				BUNDLE_LOADER = "$(TEST_HOST)";
				CODE_SIGN_STYLE = Automatic;
				CURRENT_PROJECT_VERSION = 1;
				GENERATE_INFOPLIST_FILE = YES;
				IPHONEOS_DEPLOYMENT_TARGET = 16.0;
				MARKETING_VERSION = 1.0;
				PRODUCT_BUNDLE_IDENTIFIER = Gowtham.sdfdTests;
				PRODUCT_NAME = "$(TARGET_NAME)";
				SWIFT_EMIT_LOC_STRINGS = NO;
				SWIFT_VERSION = 5.0;
				TARGETED_DEVICE_FAMILY = "1,2";
				TEST_HOST = "$(BUILT_PRODUCTS_DIR)/sdfd.app/$(BUNDLE_EXECUTABLE_FOLDER_PATH)/sdfd";
			};
			name = Debug;
		};
		654026C028E6BCE900E469E3 /* Release */ = {
			isa = XCBuildConfiguration;
			buildSettings = {
				ALWAYS_EMBED_SWIFT_STANDARD_LIBRARIES = YES;
				BUNDLE_LOADER = "$(TEST_HOST)";
				CODE_SIGN_STYLE = Automatic;
				CURRENT_PROJECT_VERSION = 1;
				GENERATE_INFOPLIST_FILE = YES;
				IPHONEOS_DEPLOYMENT_TARGET = 16.0;
				MARKETING_VERSION = 1.0;
				PRODUCT_BUNDLE_IDENTIFIER = Gowtham.sdfdTests;
				PRODUCT_NAME = "$(TARGET_NAME)";
				SWIFT_EMIT_LOC_STRINGS = NO;
				SWIFT_VERSION = 5.0;
				TARGETED_DEVICE_FAMILY = "1,2";
				TEST_HOST = "$(BUILT_PRODUCTS_DIR)/sdfd.app/$(BUNDLE_EXECUTABLE_FOLDER_PATH)/sdfd";
			};
			name = Release;
		};
		654026C228E6BCE900E469E3 /* Debug */ = {
			isa = XCBuildConfiguration;
			buildSettings = {
				ALWAYS_EMBED_SWIFT_STANDARD_LIBRARIES = YES;
				CODE_SIGN_STYLE = Automatic;
				CURRENT_PROJECT_VERSION = 1;
				GENERATE_INFOPLIST_FILE = YES;
				MARKETING_VERSION = 1.0;
				PRODUCT_BUNDLE_IDENTIFIER = Gowtham.sdfdUITests;
				PRODUCT_NAME = "$(TARGET_NAME)";
				SWIFT_EMIT_LOC_STRINGS = NO;
				SWIFT_VERSION = 5.0;
				TARGETED_DEVICE_FAMILY = "1,2";
				TEST_TARGET_NAME = sdfd;
			};
			name = Debug;
		};
		654026C328E6BCE900E469E3 /* Release */ = {
			isa = XCBuildConfiguration;
			buildSettings = {
				ALWAYS_EMBED_SWIFT_STANDARD_LIBRARIES = YES;
				CODE_SIGN_STYLE = Automatic;
				CURRENT_PROJECT_VERSION = 1;
				GENERATE_INFOPLIST_FILE = YES;
				MARKETING_VERSION = 1.0;
				PRODUCT_BUNDLE_IDENTIFIER = Gowtham.sdfdUITests;
				PRODUCT_NAME = "$(TARGET_NAME)";
				SWIFT_EMIT_LOC_STRINGS = NO;
				SWIFT_VERSION = 5.0;
				TARGETED_DEVICE_FAMILY = "1,2";
				TEST_TARGET_NAME = sdfd;
			};
			name = Release;
		};
/* End XCBuildConfiguration section */

/* Begin XCConfigurationList section */
		6540268C28E6BCE800E469E3 /* Build configuration list for PBXProject "sdfd" */ = {
			isa = XCConfigurationList;
			buildConfigurations = (
				654026B928E6BCE900E469E3 /* Debug */,
				654026BA28E6BCE900E469E3 /* Release */,
			);
			defaultConfigurationIsVisible = 0;
			defaultConfigurationName = Release;
		};
		654026BB28E6BCE900E469E3 /* Build configuration list for PBXNativeTarget "sdfd" */ = {
			isa = XCConfigurationList;
			buildConfigurations = (
				654026BC28E6BCE900E469E3 /* Debug */,
				654026BD28E6BCE900E469E3 /* Release */,
			);
			defaultConfigurationIsVisible = 0;
			defaultConfigurationName = Release;
		};
		654026BE28E6BCE900E469E3 /* Build configuration list for PBXNativeTarget "sdfdTests" */ = {
			isa = XCConfigurationList;
			buildConfigurations = (
				654026BF28E6BCE900E469E3 /* Debug */,
				654026C028E6BCE900E469E3 /* Release */,
			);
			defaultConfigurationIsVisible = 0;
			defaultConfigurationName = Release;
		};
		654026C128E6BCE900E469E3 /* Build configuration list for PBXNativeTarget "sdfdUITests" */ = {
			isa = XCConfigurationList;
			buildConfigurations = (
				654026C228E6BCE900E469E3 /* Debug */,
				654026C328E6BCE900E469E3 /* Release */,
			);
			defaultConfigurationIsVisible = 0;
			defaultConfigurationName = Release;
		};
/* End XCConfigurationList section */
	};
	rootObject = 6540268928E6BCE800E469E3 /* Project object */;
}
